// !$*UTF8*$!
{
	archiveVersion = 1;
	classes = {
	};
	objectVersion = 51;
	objects = {

/* Begin PBXBuildFile section */
		79510D8E25B231FF00A45A2E /* AppDelegate.swift in Sources */ = {isa = PBXBuildFile; fileRef = 79510D8D25B231FF00A45A2E /* AppDelegate.swift */; };
		79510D9025B231FF00A45A2E /* SceneDelegate.swift in Sources */ = {isa = PBXBuildFile; fileRef = 79510D8F25B231FF00A45A2E /* SceneDelegate.swift */; };
		79510D9225B231FF00A45A2E /* HomeViewController.swift in Sources */ = {isa = PBXBuildFile; fileRef = 79510D9125B231FF00A45A2E /* HomeViewController.swift */; };
		79510D9525B231FF00A45A2E /* Main.storyboard in Resources */ = {isa = PBXBuildFile; fileRef = 79510D9325B231FF00A45A2E /* Main.storyboard */; };
		79510D9825B231FF00A45A2E /* NotesApp.xcdatamodeld in Sources */ = {isa = PBXBuildFile; fileRef = 79510D9625B231FF00A45A2E /* NotesApp.xcdatamodeld */; };
		79510D9A25B2320100A45A2E /* Assets.xcassets in Resources */ = {isa = PBXBuildFile; fileRef = 79510D9925B2320100A45A2E /* Assets.xcassets */; };
		79510D9D25B2320100A45A2E /* LaunchScreen.storyboard in Resources */ = {isa = PBXBuildFile; fileRef = 79510D9B25B2320100A45A2E /* LaunchScreen.storyboard */; };
		79510DB825B233F600A45A2E /* AddNote.storyboard in Resources */ = {isa = PBXBuildFile; fileRef = 79510DB725B233F600A45A2E /* AddNote.storyboard */; };
		79510DBB25B2340E00A45A2E /* AddNoteViewController.swift in Sources */ = {isa = PBXBuildFile; fileRef = 79510DBA25B2340E00A45A2E /* AddNoteViewController.swift */; };
		79510DBE25B235D500A45A2E /* AddNoteViewController+extension.swift in Sources */ = {isa = PBXBuildFile; fileRef = 79510DBD25B235D500A45A2E /* AddNoteViewController+extension.swift */; };
		79510DC225B2394000A45A2E /* UIViewController+extension.swift in Sources */ = {isa = PBXBuildFile; fileRef = 79510DC125B2394000A45A2E /* UIViewController+extension.swift */; };
		79510DCB25B2419000A45A2E /* ChooseColorViewController.swift in Sources */ = {isa = PBXBuildFile; fileRef = 79510DCA25B2419000A45A2E /* ChooseColorViewController.swift */; };
		79510DCF25B241AA00A45A2E /* ChooseColor.storyboard in Resources */ = {isa = PBXBuildFile; fileRef = 79510DCE25B241AA00A45A2E /* ChooseColor.storyboard */; };
		79510DE125B2557F00A45A2E /* NoteModel+CoreDataClass copy.swift in Sources */ = {isa = PBXBuildFile; fileRef = 79510DDF25B2557E00A45A2E /* NoteModel+CoreDataClass copy.swift */; };
		79510DE225B2557F00A45A2E /* NoteModel+CoreDataProperties copy.swift in Sources */ = {isa = PBXBuildFile; fileRef = 79510DE025B2557F00A45A2E /* NoteModel+CoreDataProperties copy.swift */; };
		79510DE625B255CD00A45A2E /* AddNoteViewModel.swift in Sources */ = {isa = PBXBuildFile; fileRef = 79510DE525B255CD00A45A2E /* AddNoteViewModel.swift */; };
		79510DEB25B2663D00A45A2E /* HomeViewModel.swift in Sources */ = {isa = PBXBuildFile; fileRef = 79510DEA25B2663D00A45A2E /* HomeViewModel.swift */; };
		79510DEF25B2681500A45A2E /* HomeViewController+extension.swift in Sources */ = {isa = PBXBuildFile; fileRef = 79510DEE25B2681500A45A2E /* HomeViewController+extension.swift */; };
		79510DF425B26C2B00A45A2E /* NotesTableViewCell.swift in Sources */ = {isa = PBXBuildFile; fileRef = 79510DF225B26C2B00A45A2E /* NotesTableViewCell.swift */; };
		79510DF525B26C2B00A45A2E /* NotesTableViewCell.xib in Resources */ = {isa = PBXBuildFile; fileRef = 79510DF325B26C2B00A45A2E /* NotesTableViewCell.xib */; };
		798F4C5A25C03F9B0013DCC2 /* SideMenu.storyboard in Resources */ = {isa = PBXBuildFile; fileRef = 798F4C5925C03F9B0013DCC2 /* SideMenu.storyboard */; };
		798F4C5D25C040170013DCC2 /* SideMenuTableViewController.swift in Sources */ = {isa = PBXBuildFile; fileRef = 798F4C5C25C040170013DCC2 /* SideMenuTableViewController.swift */; };
		798F4C6225C040940013DCC2 /* BasicTableViewCell.swift in Sources */ = {isa = PBXBuildFile; fileRef = 798F4C6025C040940013DCC2 /* BasicTableViewCell.swift */; };
		798F4C6325C040940013DCC2 /* BasicTableViewCell.xib in Resources */ = {isa = PBXBuildFile; fileRef = 798F4C6125C040940013DCC2 /* BasicTableViewCell.xib */; };
		798F4C6725C041310013DCC2 /* AdvancedTableViewCell.swift in Sources */ = {isa = PBXBuildFile; fileRef = 798F4C6525C041310013DCC2 /* AdvancedTableViewCell.swift */; };
		798F4C6825C041310013DCC2 /* AdvancedTableViewCell.xib in Resources */ = {isa = PBXBuildFile; fileRef = 798F4C6625C041310013DCC2 /* AdvancedTableViewCell.xib */; };
		798F4C9725C068390013DCC2 /* FavoriteModel+CoreDataClass.swift in Sources */ = {isa = PBXBuildFile; fileRef = 798F4C9525C068390013DCC2 /* FavoriteModel+CoreDataClass.swift */; };
		798F4C9825C068390013DCC2 /* FavoriteModel+CoreDataProperties.swift in Sources */ = {isa = PBXBuildFile; fileRef = 798F4C9625C068390013DCC2 /* FavoriteModel+CoreDataProperties.swift */; };
		798F4C9B25C068640013DCC2 /* FavoritesViewController.swift in Sources */ = {isa = PBXBuildFile; fileRef = 798F4C9A25C068640013DCC2 /* FavoritesViewController.swift */; };
		798F4C9E25C0688A0013DCC2 /* Favorites.storyboard in Resources */ = {isa = PBXBuildFile; fileRef = 798F4C9D25C0688A0013DCC2 /* Favorites.storyboard */; };
		798F4CA125C06BE90013DCC2 /* FavoritesViewModel.swift in Sources */ = {isa = PBXBuildFile; fileRef = 798F4CA025C06BE90013DCC2 /* FavoritesViewModel.swift */; };
		9F4F08675B18E5787F629114 /* Pods_NotesApp.framework in Frameworks */ = {isa = PBXBuildFile; fileRef = 8DB8E44E75E185C21976890A /* Pods_NotesApp.framework */; };
/* End PBXBuildFile section */

/* Begin PBXFileReference section */
		79510D8A25B231FE00A45A2E /* NotesApp.app */ = {isa = PBXFileReference; explicitFileType = wrapper.application; includeInIndex = 0; path = NotesApp.app; sourceTree = BUILT_PRODUCTS_DIR; };
		79510D8D25B231FF00A45A2E /* AppDelegate.swift */ = {isa = PBXFileReference; lastKnownFileType = sourcecode.swift; path = AppDelegate.swift; sourceTree = "<group>"; };
		79510D8F25B231FF00A45A2E /* SceneDelegate.swift */ = {isa = PBXFileReference; lastKnownFileType = sourcecode.swift; path = SceneDelegate.swift; sourceTree = "<group>"; };
		79510D9125B231FF00A45A2E /* HomeViewController.swift */ = {isa = PBXFileReference; lastKnownFileType = sourcecode.swift; path = HomeViewController.swift; sourceTree = "<group>"; };
		79510D9425B231FF00A45A2E /* Base */ = {isa = PBXFileReference; lastKnownFileType = file.storyboard; name = Base; path = Base.lproj/Main.storyboard; sourceTree = "<group>"; };
		79510D9725B231FF00A45A2E /* NotesApp.xcdatamodel */ = {isa = PBXFileReference; lastKnownFileType = wrapper.xcdatamodel; path = NotesApp.xcdatamodel; sourceTree = "<group>"; };
		79510D9925B2320100A45A2E /* Assets.xcassets */ = {isa = PBXFileReference; lastKnownFileType = folder.assetcatalog; path = Assets.xcassets; sourceTree = "<group>"; };
		79510D9C25B2320100A45A2E /* Base */ = {isa = PBXFileReference; lastKnownFileType = file.storyboard; name = Base; path = Base.lproj/LaunchScreen.storyboard; sourceTree = "<group>"; };
		79510D9E25B2320100A45A2E /* Info.plist */ = {isa = PBXFileReference; lastKnownFileType = text.plist.xml; path = Info.plist; sourceTree = "<group>"; };
		79510DB725B233F600A45A2E /* AddNote.storyboard */ = {isa = PBXFileReference; lastKnownFileType = file.storyboard; path = AddNote.storyboard; sourceTree = "<group>"; };
		79510DBA25B2340E00A45A2E /* AddNoteViewController.swift */ = {isa = PBXFileReference; lastKnownFileType = sourcecode.swift; path = AddNoteViewController.swift; sourceTree = "<group>"; };
		79510DBD25B235D500A45A2E /* AddNoteViewController+extension.swift */ = {isa = PBXFileReference; lastKnownFileType = sourcecode.swift; path = "AddNoteViewController+extension.swift"; sourceTree = "<group>"; };
		79510DC125B2394000A45A2E /* UIViewController+extension.swift */ = {isa = PBXFileReference; lastKnownFileType = sourcecode.swift; path = "UIViewController+extension.swift"; sourceTree = "<group>"; };
		79510DCA25B2419000A45A2E /* ChooseColorViewController.swift */ = {isa = PBXFileReference; lastKnownFileType = sourcecode.swift; path = ChooseColorViewController.swift; sourceTree = "<group>"; };
		79510DCE25B241AA00A45A2E /* ChooseColor.storyboard */ = {isa = PBXFileReference; lastKnownFileType = file.storyboard; path = ChooseColor.storyboard; sourceTree = "<group>"; };
		79510DDF25B2557E00A45A2E /* NoteModel+CoreDataClass copy.swift */ = {isa = PBXFileReference; fileEncoding = 4; lastKnownFileType = sourcecode.swift; path = "NoteModel+CoreDataClass copy.swift"; sourceTree = "<group>"; };
		79510DE025B2557F00A45A2E /* NoteModel+CoreDataProperties copy.swift */ = {isa = PBXFileReference; fileEncoding = 4; lastKnownFileType = sourcecode.swift; path = "NoteModel+CoreDataProperties copy.swift"; sourceTree = "<group>"; };
		79510DE525B255CD00A45A2E /* AddNoteViewModel.swift */ = {isa = PBXFileReference; lastKnownFileType = sourcecode.swift; path = AddNoteViewModel.swift; sourceTree = "<group>"; };
		79510DEA25B2663D00A45A2E /* HomeViewModel.swift */ = {isa = PBXFileReference; lastKnownFileType = sourcecode.swift; path = HomeViewModel.swift; sourceTree = "<group>"; };
		79510DEE25B2681500A45A2E /* HomeViewController+extension.swift */ = {isa = PBXFileReference; lastKnownFileType = sourcecode.swift; path = "HomeViewController+extension.swift"; sourceTree = "<group>"; };
		79510DF225B26C2B00A45A2E /* NotesTableViewCell.swift */ = {isa = PBXFileReference; lastKnownFileType = sourcecode.swift; path = NotesTableViewCell.swift; sourceTree = "<group>"; };
		79510DF325B26C2B00A45A2E /* NotesTableViewCell.xib */ = {isa = PBXFileReference; lastKnownFileType = file.xib; path = NotesTableViewCell.xib; sourceTree = "<group>"; };
		798F4C5925C03F9B0013DCC2 /* SideMenu.storyboard */ = {isa = PBXFileReference; lastKnownFileType = file.storyboard; path = SideMenu.storyboard; sourceTree = "<group>"; };
		798F4C5C25C040170013DCC2 /* SideMenuTableViewController.swift */ = {isa = PBXFileReference; lastKnownFileType = sourcecode.swift; path = SideMenuTableViewController.swift; sourceTree = "<group>"; };
		798F4C6025C040940013DCC2 /* BasicTableViewCell.swift */ = {isa = PBXFileReference; lastKnownFileType = sourcecode.swift; path = BasicTableViewCell.swift; sourceTree = "<group>"; };
		798F4C6125C040940013DCC2 /* BasicTableViewCell.xib */ = {isa = PBXFileReference; lastKnownFileType = file.xib; path = BasicTableViewCell.xib; sourceTree = "<group>"; };
		798F4C6525C041310013DCC2 /* AdvancedTableViewCell.swift */ = {isa = PBXFileReference; lastKnownFileType = sourcecode.swift; path = AdvancedTableViewCell.swift; sourceTree = "<group>"; };
		798F4C6625C041310013DCC2 /* AdvancedTableViewCell.xib */ = {isa = PBXFileReference; lastKnownFileType = file.xib; path = AdvancedTableViewCell.xib; sourceTree = "<group>"; };
		798F4C9525C068390013DCC2 /* FavoriteModel+CoreDataClass.swift */ = {isa = PBXFileReference; lastKnownFileType = sourcecode.swift; path = "FavoriteModel+CoreDataClass.swift"; sourceTree = "<group>"; };
		798F4C9625C068390013DCC2 /* FavoriteModel+CoreDataProperties.swift */ = {isa = PBXFileReference; lastKnownFileType = sourcecode.swift; path = "FavoriteModel+CoreDataProperties.swift"; sourceTree = "<group>"; };
		798F4C9A25C068640013DCC2 /* FavoritesViewController.swift */ = {isa = PBXFileReference; lastKnownFileType = sourcecode.swift; path = FavoritesViewController.swift; sourceTree = "<group>"; };
		798F4C9D25C0688A0013DCC2 /* Favorites.storyboard */ = {isa = PBXFileReference; lastKnownFileType = file.storyboard; path = Favorites.storyboard; sourceTree = "<group>"; };
		798F4CA025C06BE90013DCC2 /* FavoritesViewModel.swift */ = {isa = PBXFileReference; lastKnownFileType = sourcecode.swift; path = FavoritesViewModel.swift; sourceTree = "<group>"; };
		8DB8E44E75E185C21976890A /* Pods_NotesApp.framework */ = {isa = PBXFileReference; explicitFileType = wrapper.framework; includeInIndex = 0; path = Pods_NotesApp.framework; sourceTree = BUILT_PRODUCTS_DIR; };
		DBE4CC1EB29A9E211AAB7AD1 /* Pods-NotesApp.debug.xcconfig */ = {isa = PBXFileReference; includeInIndex = 1; lastKnownFileType = text.xcconfig; name = "Pods-NotesApp.debug.xcconfig"; path = "Target Support Files/Pods-NotesApp/Pods-NotesApp.debug.xcconfig"; sourceTree = "<group>"; };
		ECD236348399FCFFB70FF97F /* Pods-NotesApp.release.xcconfig */ = {isa = PBXFileReference; includeInIndex = 1; lastKnownFileType = text.xcconfig; name = "Pods-NotesApp.release.xcconfig"; path = "Target Support Files/Pods-NotesApp/Pods-NotesApp.release.xcconfig"; sourceTree = "<group>"; };
/* End PBXFileReference section */

/* Begin PBXFrameworksBuildPhase section */
		79510D8725B231FE00A45A2E /* Frameworks */ = {
			isa = PBXFrameworksBuildPhase;
			buildActionMask = 2147483647;
			files = (
				9F4F08675B18E5787F629114 /* Pods_NotesApp.framework in Frameworks */,
			);
			runOnlyForDeploymentPostprocessing = 0;
		};
/* End PBXFrameworksBuildPhase section */

/* Begin PBXGroup section */
		1E5874533C72DF2B5D1ED706 /* Pods */ = {
			isa = PBXGroup;
			children = (
				DBE4CC1EB29A9E211AAB7AD1 /* Pods-NotesApp.debug.xcconfig */,
				ECD236348399FCFFB70FF97F /* Pods-NotesApp.release.xcconfig */,
			);
			path = Pods;
			sourceTree = "<group>";
		};
		79510D8125B231FE00A45A2E = {
			isa = PBXGroup;
			children = (
				79510D8C25B231FE00A45A2E /* NotesApp */,
				79510D8B25B231FE00A45A2E /* Products */,
				1E5874533C72DF2B5D1ED706 /* Pods */,
				CDA2A4495519ECE0CB8A1785 /* Frameworks */,
			);
			sourceTree = "<group>";
		};
		79510D8B25B231FE00A45A2E /* Products */ = {
			isa = PBXGroup;
			children = (
				79510D8A25B231FE00A45A2E /* NotesApp.app */,
			);
			name = Products;
			sourceTree = "<group>";
		};
		79510D8C25B231FE00A45A2E /* NotesApp */ = {
			isa = PBXGroup;
			children = (
				798CCAAF25B8F06C0068F686 /* Mvvm */,
				798F4C5825C03F690013DCC2 /* SideMenu */,
				798CCAB425B8F13D0068F686 /* Storyboard */,
				798CCAB525B8F16C0068F686 /* Cells */,
				79510DC025B2392000A45A2E /* Extension */,
				79510DAC25B2334F00A45A2E /* Utils */,
				79510DAB25B2333A00A45A2E /* Delegate */,
			);
			path = NotesApp;
			sourceTree = "<group>";
		};
		79510DAB25B2333A00A45A2E /* Delegate */ = {
			isa = PBXGroup;
			children = (
				79510D8D25B231FF00A45A2E /* AppDelegate.swift */,
				79510D8F25B231FF00A45A2E /* SceneDelegate.swift */,
			);
			path = Delegate;
			sourceTree = "<group>";
		};
		79510DAC25B2334F00A45A2E /* Utils */ = {
			isa = PBXGroup;
			children = (
				79510D9925B2320100A45A2E /* Assets.xcassets */,
				79510D9B25B2320100A45A2E /* LaunchScreen.storyboard */,
				79510D9E25B2320100A45A2E /* Info.plist */,
				79510D9625B231FF00A45A2E /* NotesApp.xcdatamodeld */,
			);
			path = Utils;
			sourceTree = "<group>";
		};
		79510DC025B2392000A45A2E /* Extension */ = {
			isa = PBXGroup;
			children = (
				79510DC125B2394000A45A2E /* UIViewController+extension.swift */,
			);
			path = Extension;
			sourceTree = "<group>";
		};
		798CCAAF25B8F06C0068F686 /* Mvvm */ = {
			isa = PBXGroup;
			children = (
				798CCAB225B8F0800068F686 /* Model */,
				798CCAB125B8F07A0068F686 /* View */,
				798CCAB025B8F0720068F686 /* ViewModel */,
			);
			path = Mvvm;
			sourceTree = "<group>";
		};
		798CCAB025B8F0720068F686 /* ViewModel */ = {
			isa = PBXGroup;
			children = (
				79510DE525B255CD00A45A2E /* AddNoteViewModel.swift */,
				79510DEA25B2663D00A45A2E /* HomeViewModel.swift */,
				798F4CA025C06BE90013DCC2 /* FavoritesViewModel.swift */,
			);
			path = ViewModel;
			sourceTree = "<group>";
		};
		798CCAB125B8F07A0068F686 /* View */ = {
			isa = PBXGroup;
			children = (
				79510D9125B231FF00A45A2E /* HomeViewController.swift */,
				79510DEE25B2681500A45A2E /* HomeViewController+extension.swift */,
				79510DBA25B2340E00A45A2E /* AddNoteViewController.swift */,
				79510DBD25B235D500A45A2E /* AddNoteViewController+extension.swift */,
				79510DCA25B2419000A45A2E /* ChooseColorViewController.swift */,
				798F4C9A25C068640013DCC2 /* FavoritesViewController.swift */,
			);
			path = View;
			sourceTree = "<group>";
		};
		798CCAB225B8F0800068F686 /* Model */ = {
			isa = PBXGroup;
			children = (
				798F4C9525C068390013DCC2 /* FavoriteModel+CoreDataClass.swift */,
				798F4C9625C068390013DCC2 /* FavoriteModel+CoreDataProperties.swift */,
				79510DE025B2557F00A45A2E /* NoteModel+CoreDataProperties copy.swift */,
				79510DDF25B2557E00A45A2E /* NoteModel+CoreDataClass copy.swift */,
			);
			path = Model;
			sourceTree = "<group>";
		};
		798CCAB425B8F13D0068F686 /* Storyboard */ = {
			isa = PBXGroup;
			children = (
				79510D9325B231FF00A45A2E /* Main.storyboard */,
				79510DB725B233F600A45A2E /* AddNote.storyboard */,
				79510DCE25B241AA00A45A2E /* ChooseColor.storyboard */,
				798F4C9D25C0688A0013DCC2 /* Favorites.storyboard */,
			);
			path = Storyboard;
			sourceTree = "<group>";
		};
		798CCAB525B8F16C0068F686 /* Cells */ = {
			isa = PBXGroup;
			children = (
				798CCAB625B8F1730068F686 /* HomeCell */,
			);
			path = Cells;
			sourceTree = "<group>";
		};
		798CCAB625B8F1730068F686 /* HomeCell */ = {
			isa = PBXGroup;
			children = (
				79510DF325B26C2B00A45A2E /* NotesTableViewCell.xib */,
				79510DF225B26C2B00A45A2E /* NotesTableViewCell.swift */,
			);
			path = HomeCell;
			sourceTree = "<group>";
		};
		798F4C5825C03F690013DCC2 /* SideMenu */ = {
			isa = PBXGroup;
			children = (
				798F4C6B25C0414C0013DCC2 /* MenuController */,
				798F4C6A25C041380013DCC2 /* AdvancedCell */,
				798F4C5F25C0405F0013DCC2 /* BasicCell */,
			);
			path = SideMenu;
			sourceTree = "<group>";
		};
		798F4C5F25C0405F0013DCC2 /* BasicCell */ = {
			isa = PBXGroup;
			children = (
				798F4C6025C040940013DCC2 /* BasicTableViewCell.swift */,
				798F4C6125C040940013DCC2 /* BasicTableViewCell.xib */,
			);
			path = BasicCell;
			sourceTree = "<group>";
		};
		798F4C6A25C041380013DCC2 /* AdvancedCell */ = {
			isa = PBXGroup;
			children = (
				798F4C6525C041310013DCC2 /* AdvancedTableViewCell.swift */,
				798F4C6625C041310013DCC2 /* AdvancedTableViewCell.xib */,
			);
			path = AdvancedCell;
			sourceTree = "<group>";
		};
		798F4C6B25C0414C0013DCC2 /* MenuController */ = {
			isa = PBXGroup;
			children = (
				798F4C5925C03F9B0013DCC2 /* SideMenu.storyboard */,
				798F4C5C25C040170013DCC2 /* SideMenuTableViewController.swift */,
			);
			path = MenuController;
			sourceTree = "<group>";
		};
		CDA2A4495519ECE0CB8A1785 /* Frameworks */ = {
			isa = PBXGroup;
			children = (
				8DB8E44E75E185C21976890A /* Pods_NotesApp.framework */,
			);
			name = Frameworks;
			sourceTree = "<group>";
		};
/* End PBXGroup section */

/* Begin PBXNativeTarget section */
		79510D8925B231FE00A45A2E /* NotesApp */ = {
			isa = PBXNativeTarget;
			buildConfigurationList = 79510DA125B2320100A45A2E /* Build configuration list for PBXNativeTarget "NotesApp" */;
			buildPhases = (
				17FEAB80B5D49F5F88E1E5CD /* [CP] Check Pods Manifest.lock */,
				79510D8625B231FE00A45A2E /* Sources */,
				79510D8725B231FE00A45A2E /* Frameworks */,
				79510D8825B231FE00A45A2E /* Resources */,
				0179CF1FE02933793A62BEBB /* [CP] Embed Pods Frameworks */,
			);
			buildRules = (
			);
			dependencies = (
			);
			name = NotesApp;
			productName = NotesApp;
			productReference = 79510D8A25B231FE00A45A2E /* NotesApp.app */;
			productType = "com.apple.product-type.application";
		};
/* End PBXNativeTarget section */

/* Begin PBXProject section */
		79510D8225B231FE00A45A2E /* Project object */ = {
			isa = PBXProject;
			attributes = {
				LastSwiftUpdateCheck = 1220;
				LastUpgradeCheck = 1220;
				TargetAttributes = {
					79510D8925B231FE00A45A2E = {
						CreatedOnToolsVersion = 12.2;
					};
				};
			};
			buildConfigurationList = 79510D8525B231FE00A45A2E /* Build configuration list for PBXProject "NotesApp" */;
			compatibilityVersion = "Xcode 9.3";
			developmentRegion = en;
			hasScannedForEncodings = 0;
			knownRegions = (
				en,
				Base,
			);
			mainGroup = 79510D8125B231FE00A45A2E;
			productRefGroup = 79510D8B25B231FE00A45A2E /* Products */;
			projectDirPath = "";
			projectRoot = "";
			targets = (
				79510D8925B231FE00A45A2E /* NotesApp */,
			);
		};
/* End PBXProject section */

/* Begin PBXResourcesBuildPhase section */
		79510D8825B231FE00A45A2E /* Resources */ = {
			isa = PBXResourcesBuildPhase;
			buildActionMask = 2147483647;
			files = (
				798F4C6825C041310013DCC2 /* AdvancedTableViewCell.xib in Resources */,
				79510DB825B233F600A45A2E /* AddNote.storyboard in Resources */,
				79510D9D25B2320100A45A2E /* LaunchScreen.storyboard in Resources */,
				79510D9A25B2320100A45A2E /* Assets.xcassets in Resources */,
				79510DCF25B241AA00A45A2E /* ChooseColor.storyboard in Resources */,
				798F4C6325C040940013DCC2 /* BasicTableViewCell.xib in Resources */,
				798F4C9E25C0688A0013DCC2 /* Favorites.storyboard in Resources */,
				79510D9525B231FF00A45A2E /* Main.storyboard in Resources */,
				79510DF525B26C2B00A45A2E /* NotesTableViewCell.xib in Resources */,
				798F4C5A25C03F9B0013DCC2 /* SideMenu.storyboard in Resources */,
			);
			runOnlyForDeploymentPostprocessing = 0;
		};
/* End PBXResourcesBuildPhase section */

/* Begin PBXShellScriptBuildPhase section */
		0179CF1FE02933793A62BEBB /* [CP] Embed Pods Frameworks */ = {
			isa = PBXShellScriptBuildPhase;
			buildActionMask = 2147483647;
			files = (
			);
			inputFileListPaths = (
				"${PODS_ROOT}/Target Support Files/Pods-NotesApp/Pods-NotesApp-frameworks-${CONFIGURATION}-input-files.xcfilelist",
			);
			name = "[CP] Embed Pods Frameworks";
			outputFileListPaths = (
				"${PODS_ROOT}/Target Support Files/Pods-NotesApp/Pods-NotesApp-frameworks-${CONFIGURATION}-output-files.xcfilelist",
			);
			runOnlyForDeploymentPostprocessing = 0;
			shellPath = /bin/sh;
			shellScript = "\"${PODS_ROOT}/Target Support Files/Pods-NotesApp/Pods-NotesApp-frameworks.sh\"\n";
			showEnvVarsInLog = 0;
		};
		17FEAB80B5D49F5F88E1E5CD /* [CP] Check Pods Manifest.lock */ = {
			isa = PBXShellScriptBuildPhase;
			buildActionMask = 2147483647;
			files = (
			);
			inputFileListPaths = (
			);
			inputPaths = (
				"${PODS_PODFILE_DIR_PATH}/Podfile.lock",
				"${PODS_ROOT}/Manifest.lock",
			);
			name = "[CP] Check Pods Manifest.lock";
			outputFileListPaths = (
			);
			outputPaths = (
				"$(DERIVED_FILE_DIR)/Pods-NotesApp-checkManifestLockResult.txt",
			);
			runOnlyForDeploymentPostprocessing = 0;
			shellPath = /bin/sh;
			shellScript = "diff \"${PODS_PODFILE_DIR_PATH}/Podfile.lock\" \"${PODS_ROOT}/Manifest.lock\" > /dev/null\nif [ $? != 0 ] ; then\n    # print error to STDERR\n    echo \"error: The sandbox is not in sync with the Podfile.lock. Run 'pod install' or update your CocoaPods installation.\" >&2\n    exit 1\nfi\n# This output is used by Xcode 'outputs' to avoid re-running this script phase.\necho \"SUCCESS\" > \"${SCRIPT_OUTPUT_FILE_0}\"\n";
			showEnvVarsInLog = 0;
		};
/* End PBXShellScriptBuildPhase section */

/* Begin PBXSourcesBuildPhase section */
		79510D8625B231FE00A45A2E /* Sources */ = {
			isa = PBXSourcesBuildPhase;
			buildActionMask = 2147483647;
			files = (
				79510D9225B231FF00A45A2E /* HomeViewController.swift in Sources */,
				79510DCB25B2419000A45A2E /* ChooseColorViewController.swift in Sources */,
				79510D8E25B231FF00A45A2E /* AppDelegate.swift in Sources */,
				79510DE225B2557F00A45A2E /* NoteModel+CoreDataProperties copy.swift in Sources */,
				798F4C5D25C040170013DCC2 /* SideMenuTableViewController.swift in Sources */,
				798F4C9825C068390013DCC2 /* FavoriteModel+CoreDataProperties.swift in Sources */,
				79510DC225B2394000A45A2E /* UIViewController+extension.swift in Sources */,
				79510DF425B26C2B00A45A2E /* NotesTableViewCell.swift in Sources */,
				79510DBE25B235D500A45A2E /* AddNoteViewController+extension.swift in Sources */,
				798F4C6225C040940013DCC2 /* BasicTableViewCell.swift in Sources */,
				79510D9025B231FF00A45A2E /* SceneDelegate.swift in Sources */,
				79510DEF25B2681500A45A2E /* HomeViewController+extension.swift in Sources */,
				798F4CA125C06BE90013DCC2 /* FavoritesViewModel.swift in Sources */,
				79510DEB25B2663D00A45A2E /* HomeViewModel.swift in Sources */,
				79510DBB25B2340E00A45A2E /* AddNoteViewController.swift in Sources */,
				79510D9825B231FF00A45A2E /* NotesApp.xcdatamodeld in Sources */,
				798F4C9B25C068640013DCC2 /* FavoritesViewController.swift in Sources */,
				798F4C9725C068390013DCC2 /* FavoriteModel+CoreDataClass.swift in Sources */,
				79510DE125B2557F00A45A2E /* NoteModel+CoreDataClass copy.swift in Sources */,
				79510DE625B255CD00A45A2E /* AddNoteViewModel.swift in Sources */,
				798F4C6725C041310013DCC2 /* AdvancedTableViewCell.swift in Sources */,
			);
			runOnlyForDeploymentPostprocessing = 0;
		};
/* End PBXSourcesBuildPhase section */

/* Begin PBXVariantGroup section */
		79510D9325B231FF00A45A2E /* Main.storyboard */ = {
			isa = PBXVariantGroup;
			children = (
				79510D9425B231FF00A45A2E /* Base */,
			);
			name = Main.storyboard;
			sourceTree = "<group>";
		};
		79510D9B25B2320100A45A2E /* LaunchScreen.storyboard */ = {
			isa = PBXVariantGroup;
			children = (
				79510D9C25B2320100A45A2E /* Base */,
			);
			name = LaunchScreen.storyboard;
			sourceTree = "<group>";
		};
/* End PBXVariantGroup section */

/* Begin XCBuildConfiguration section */
		79510D9F25B2320100A45A2E /* Debug */ = {
			isa = XCBuildConfiguration;
			buildSettings = {
				ALWAYS_SEARCH_USER_PATHS = NO;
				CLANG_ANALYZER_NONNULL = YES;
				CLANG_ANALYZER_NUMBER_OBJECT_CONVERSION = YES_AGGRESSIVE;
				CLANG_CXX_LANGUAGE_STANDARD = "gnu++14";
				CLANG_CXX_LIBRARY = "libc++";
				CLANG_ENABLE_MODULES = YES;
				CLANG_ENABLE_OBJC_ARC = YES;
				CLANG_ENABLE_OBJC_WEAK = YES;
				CLANG_WARN_BLOCK_CAPTURE_AUTORELEASING = YES;
				CLANG_WARN_BOOL_CONVERSION = YES;
				CLANG_WARN_COMMA = YES;
				CLANG_WARN_CONSTANT_CONVERSION = YES;
				CLANG_WARN_DEPRECATED_OBJC_IMPLEMENTATIONS = YES;
				CLANG_WARN_DIRECT_OBJC_ISA_USAGE = YES_ERROR;
				CLANG_WARN_DOCUMENTATION_COMMENTS = YES;
				CLANG_WARN_EMPTY_BODY = YES;
				CLANG_WARN_ENUM_CONVERSION = YES;
				CLANG_WARN_INFINITE_RECURSION = YES;
				CLANG_WARN_INT_CONVERSION = YES;
				CLANG_WARN_NON_LITERAL_NULL_CONVERSION = YES;
				CLANG_WARN_OBJC_IMPLICIT_RETAIN_SELF = YES;
				CLANG_WARN_OBJC_LITERAL_CONVERSION = YES;
				CLANG_WARN_OBJC_ROOT_CLASS = YES_ERROR;
				CLANG_WARN_QUOTED_INCLUDE_IN_FRAMEWORK_HEADER = YES;
				CLANG_WARN_RANGE_LOOP_ANALYSIS = YES;
				CLANG_WARN_STRICT_PROTOTYPES = YES;
				CLANG_WARN_SUSPICIOUS_MOVE = YES;
				CLANG_WARN_UNGUARDED_AVAILABILITY = YES_AGGRESSIVE;
				CLANG_WARN_UNREACHABLE_CODE = YES;
				CLANG_WARN__DUPLICATE_METHOD_MATCH = YES;
				COPY_PHASE_STRIP = NO;
				DEBUG_INFORMATION_FORMAT = dwarf;
				ENABLE_STRICT_OBJC_MSGSEND = YES;
				ENABLE_TESTABILITY = YES;
				GCC_C_LANGUAGE_STANDARD = gnu11;
				GCC_DYNAMIC_NO_PIC = NO;
				GCC_NO_COMMON_BLOCKS = YES;
				GCC_OPTIMIZATION_LEVEL = 0;
				GCC_PREPROCESSOR_DEFINITIONS = (
					"DEBUG=1",
					"$(inherited)",
				);
				GCC_WARN_64_TO_32_BIT_CONVERSION = YES;
				GCC_WARN_ABOUT_RETURN_TYPE = YES_ERROR;
				GCC_WARN_UNDECLARED_SELECTOR = YES;
				GCC_WARN_UNINITIALIZED_AUTOS = YES_AGGRESSIVE;
				GCC_WARN_UNUSED_FUNCTION = YES;
				GCC_WARN_UNUSED_VARIABLE = YES;
				IPHONEOS_DEPLOYMENT_TARGET = 14.2;
				MTL_ENABLE_DEBUG_INFO = INCLUDE_SOURCE;
				MTL_FAST_MATH = YES;
				ONLY_ACTIVE_ARCH = YES;
				SDKROOT = iphoneos;
				SWIFT_ACTIVE_COMPILATION_CONDITIONS = DEBUG;
				SWIFT_OPTIMIZATION_LEVEL = "-Onone";
			};
			name = Debug;
		};
		79510DA025B2320100A45A2E /* Release */ = {
			isa = XCBuildConfiguration;
			buildSettings = {
				ALWAYS_SEARCH_USER_PATHS = NO;
				CLANG_ANALYZER_NONNULL = YES;
				CLANG_ANALYZER_NUMBER_OBJECT_CONVERSION = YES_AGGRESSIVE;
				CLANG_CXX_LANGUAGE_STANDARD = "gnu++14";
				CLANG_CXX_LIBRARY = "libc++";
				CLANG_ENABLE_MODULES = YES;
				CLANG_ENABLE_OBJC_ARC = YES;
				CLANG_ENABLE_OBJC_WEAK = YES;
				CLANG_WARN_BLOCK_CAPTURE_AUTORELEASING = YES;
				CLANG_WARN_BOOL_CONVERSION = YES;
				CLANG_WARN_COMMA = YES;
				CLANG_WARN_CONSTANT_CONVERSION = YES;
				CLANG_WARN_DEPRECATED_OBJC_IMPLEMENTATIONS = YES;
				CLANG_WARN_DIRECT_OBJC_ISA_USAGE = YES_ERROR;
				CLANG_WARN_DOCUMENTATION_COMMENTS = YES;
				CLANG_WARN_EMPTY_BODY = YES;
				CLANG_WARN_ENUM_CONVERSION = YES;
				CLANG_WARN_INFINITE_RECURSION = YES;
				CLANG_WARN_INT_CONVERSION = YES;
				CLANG_WARN_NON_LITERAL_NULL_CONVERSION = YES;
				CLANG_WARN_OBJC_IMPLICIT_RETAIN_SELF = YES;
				CLANG_WARN_OBJC_LITERAL_CONVERSION = YES;
				CLANG_WARN_OBJC_ROOT_CLASS = YES_ERROR;
				CLANG_WARN_QUOTED_INCLUDE_IN_FRAMEWORK_HEADER = YES;
				CLANG_WARN_RANGE_LOOP_ANALYSIS = YES;
				CLANG_WARN_STRICT_PROTOTYPES = YES;
				CLANG_WARN_SUSPICIOUS_MOVE = YES;
				CLANG_WARN_UNGUARDED_AVAILABILITY = YES_AGGRESSIVE;
				CLANG_WARN_UNREACHABLE_CODE = YES;
				CLANG_WARN__DUPLICATE_METHOD_MATCH = YES;
				COPY_PHASE_STRIP = NO;
				DEBUG_INFORMATION_FORMAT = "dwarf-with-dsym";
				ENABLE_NS_ASSERTIONS = NO;
				ENABLE_STRICT_OBJC_MSGSEND = YES;
				GCC_C_LANGUAGE_STANDARD = gnu11;
				GCC_NO_COMMON_BLOCKS = YES;
				GCC_WARN_64_TO_32_BIT_CONVERSION = YES;
				GCC_WARN_ABOUT_RETURN_TYPE = YES_ERROR;
				GCC_WARN_UNDECLARED_SELECTOR = YES;
				GCC_WARN_UNINITIALIZED_AUTOS = YES_AGGRESSIVE;
				GCC_WARN_UNUSED_FUNCTION = YES;
				GCC_WARN_UNUSED_VARIABLE = YES;
				IPHONEOS_DEPLOYMENT_TARGET = 14.2;
				MTL_ENABLE_DEBUG_INFO = NO;
				MTL_FAST_MATH = YES;
				SDKROOT = iphoneos;
				SWIFT_COMPILATION_MODE = wholemodule;
				SWIFT_OPTIMIZATION_LEVEL = "-O";
				VALIDATE_PRODUCT = YES;
			};
			name = Release;
		};
		79510DA225B2320100A45A2E /* Debug */ = {
			isa = XCBuildConfiguration;
			baseConfigurationReference = DBE4CC1EB29A9E211AAB7AD1 /* Pods-NotesApp.debug.xcconfig */;
			buildSettings = {
				ASSETCATALOG_COMPILER_APPICON_NAME = AppIcon;
				ASSETCATALOG_COMPILER_GLOBAL_ACCENT_COLOR_NAME = AccentColor;
				CODE_SIGN_STYLE = Automatic;
				DEVELOPMENT_TEAM = L5Y442FJFB;
				INFOPLIST_FILE = "$(SRCROOT)/NotesApp/Utils/Info.plist";
				LD_RUNPATH_SEARCH_PATHS = (
					"$(inherited)",
					"@executable_path/Frameworks",
				);
				PRODUCT_BUNDLE_IDENTIFIER = com.ans96283.NotesApp;
				PRODUCT_NAME = "$(TARGET_NAME)";
				SWIFT_VERSION = 5.0;
				TARGETED_DEVICE_FAMILY = "1,2";
			};
			name = Debug;
		};
		79510DA325B2320100A45A2E /* Release */ = {
			isa = XCBuildConfiguration;
			baseConfigurationReference = ECD236348399FCFFB70FF97F /* Pods-NotesApp.release.xcconfig */;
			buildSettings = {
				ASSETCATALOG_COMPILER_APPICON_NAME = AppIcon;
				ASSETCATALOG_COMPILER_GLOBAL_ACCENT_COLOR_NAME = AccentColor;
				CODE_SIGN_STYLE = Automatic;
				DEVELOPMENT_TEAM = L5Y442FJFB;
				INFOPLIST_FILE = "$(SRCROOT)/NotesApp/Utils/Info.plist";
				LD_RUNPATH_SEARCH_PATHS = (
					"$(inherited)",
					"@executable_path/Frameworks",
				);
				PRODUCT_BUNDLE_IDENTIFIER = com.ans96283.NotesApp;
				PRODUCT_NAME = "$(TARGET_NAME)";
				SWIFT_VERSION = 5.0;
				TARGETED_DEVICE_FAMILY = "1,2";
			};
			name = Release;
		};
/* End XCBuildConfiguration section */

/* Begin XCConfigurationList section */
		79510D8525B231FE00A45A2E /* Build configuration list for PBXProject "NotesApp" */ = {
			isa = XCConfigurationList;
			buildConfigurations = (
				79510D9F25B2320100A45A2E /* Debug */,
				79510DA025B2320100A45A2E /* Release */,
			);
			defaultConfigurationIsVisible = 0;
			defaultConfigurationName = Release;
		};
		79510DA125B2320100A45A2E /* Build configuration list for PBXNativeTarget "NotesApp" */ = {
			isa = XCConfigurationList;
			buildConfigurations = (
				79510DA225B2320100A45A2E /* Debug */,
				79510DA325B2320100A45A2E /* Release */,
			);
			defaultConfigurationIsVisible = 0;
			defaultConfigurationName = Release;
		};
/* End XCConfigurationList section */

/* Begin XCVersionGroup section */
		79510D9625B231FF00A45A2E /* NotesApp.xcdatamodeld */ = {
			isa = XCVersionGroup;
			children = (
				79510D9725B231FF00A45A2E /* NotesApp.xcdatamodel */,
			);
			currentVersion = 79510D9725B231FF00A45A2E /* NotesApp.xcdatamodel */;
			path = NotesApp.xcdatamodeld;
			sourceTree = "<group>";
			versionGroupType = wrapper.xcdatamodel;
		};
/* End XCVersionGroup section */
	};
	rootObject = 79510D8225B231FE00A45A2E /* Project object */;
}
